
Microsoft Visual Studio Solution File, Format Version 12.00
# Visual Studio Version 16
VisualStudioVersion = 16.0.30413.136
MinimumVisualStudioVersion = 10.0.40219.1
Project("{FAE04EC0-301F-11D3-BF4B-00C04F79EFBC}") = "Events", "Events.csproj", "{77ED1BD3-323E-4814-8AAB-C9FD3517772D}"
EndProject
Global
	GlobalSection(SolutionConfigurationPlatforms) = preSolution
		Debug|Any CPU = Debug|Any CPU
		Release|Any CPU = Release|Any CPU
	EndGlobalSection
	GlobalSection(ProjectConfigurationPlatforms) = postSolution
		{77ED1BD3-323E-4814-8AAB-C9FD3517772D}.Debug|Any CPU.ActiveCfg = Debug|Any CPU
		{77ED1BD3-323E-4814-8AAB-C9FD3517772D}.Debug|Any CPU.Build.0 = Debug|Any CPU
		{77ED1BD3-323E-4814-8AAB-C9FD3517772D}.Release|Any CPU.ActiveCfg = Release|Any CPU
		{77ED1BD3-323E-4814-8AAB-C9FD3517772D}.Release|Any CPU.Build.0 = Release|Any CPU
	EndGlobalSection
	GlobalSection(SolutionProperties) = preSolution
		HideSolutionNode = FALSE
	EndGlobalSection
	GlobalSection(ExtensibilityGlobals) = postSolution
		SolutionGuid = {4DD2E929-E73B-4111-92F4-145C959A77F0}
	EndGlobalSection
EndGlobal
